// !$*UTF8*$!
{
	archiveVersion = 1;
	classes = {
	};
	objectVersion = 50;
	objects = {

/* Begin PBXBuildFile section */
		8EDEC49220784203002416F6 /* AppDelegate.m in Sources */ = {isa = PBXBuildFile; fileRef = 8EDEC49120784203002416F6 /* AppDelegate.m */; };
		8EDEC49520784203002416F6 /* ViewController.m in Sources */ = {isa = PBXBuildFile; fileRef = 8EDEC49420784203002416F6 /* ViewController.m */; };
		8EDEC49A20784207002416F6 /* Assets.xcassets in Resources */ = {isa = PBXBuildFile; fileRef = 8EDEC49920784207002416F6 /* Assets.xcassets */; };
		8EDEC49D20784207002416F6 /* LaunchScreen.storyboard in Resources */ = {isa = PBXBuildFile; fileRef = 8EDEC49B20784207002416F6 /* LaunchScreen.storyboard */; };
		8EDEC4A020784208002416F6 /* main.m in Sources */ = {isa = PBXBuildFile; fileRef = 8EDEC49F20784208002416F6 /* main.m */; };
		8EDEC4AA20784208002416F6 /* NavBarHandleTests.m in Sources */ = {isa = PBXBuildFile; fileRef = 8EDEC4A920784208002416F6 /* NavBarHandleTests.m */; };
		8EDEC4B520784208002416F6 /* NavBarHandleUITests.m in Sources */ = {isa = PBXBuildFile; fileRef = 8EDEC4B420784208002416F6 /* NavBarHandleUITests.m */; };
		8EDEC4C52078426B002416F6 /* UINavigationBar+handle.m in Sources */ = {isa = PBXBuildFile; fileRef = 8EDEC4C42078426B002416F6 /* UINavigationBar+handle.m */; };
/* End PBXBuildFile section */

/* Begin PBXContainerItemProxy section */
		8EDEC4A620784208002416F6 /* PBXContainerItemProxy */ = {
			isa = PBXContainerItemProxy;
			containerPortal = 8EDEC48520784203002416F6 /* Project object */;
			proxyType = 1;
			remoteGlobalIDString = 8EDEC48C20784203002416F6;
			remoteInfo = NavBarHandle;
		};
		8EDEC4B120784208002416F6 /* PBXContainerItemProxy */ = {
			isa = PBXContainerItemProxy;
			containerPortal = 8EDEC48520784203002416F6 /* Project object */;
			proxyType = 1;
			remoteGlobalIDString = 8EDEC48C20784203002416F6;
			remoteInfo = NavBarHandle;
		};
/* End PBXContainerItemProxy section */

/* Begin PBXFileReference section */
		8EDEC48D20784203002416F6 /* NavBarHandle.app */ = {isa = PBXFileReference; explicitFileType = wrapper.application; includeInIndex = 0; path = NavBarHandle.app; sourceTree = BUILT_PRODUCTS_DIR; };
		8EDEC49020784203002416F6 /* AppDelegate.h */ = {isa = PBXFileReference; lastKnownFileType = sourcecode.c.h; path = AppDelegate.h; sourceTree = "<group>"; };
		8EDEC49120784203002416F6 /* AppDelegate.m */ = {isa = PBXFileReference; lastKnownFileType = sourcecode.c.objc; path = AppDelegate.m; sourceTree = "<group>"; };
		8EDEC49320784203002416F6 /* ViewController.h */ = {isa = PBXFileReference; lastKnownFileType = sourcecode.c.h; path = ViewController.h; sourceTree = "<group>"; };
		8EDEC49420784203002416F6 /* ViewController.m */ = {isa = PBXFileReference; lastKnownFileType = sourcecode.c.objc; path = ViewController.m; sourceTree = "<group>"; };
		8EDEC49920784207002416F6 /* Assets.xcassets */ = {isa = PBXFileReference; lastKnownFileType = folder.assetcatalog; path = Assets.xcassets; sourceTree = "<group>"; };
		8EDEC49C20784207002416F6 /* Base */ = {isa = PBXFileReference; lastKnownFileType = file.storyboard; name = Base; path = Base.lproj/LaunchScreen.storyboard; sourceTree = "<group>"; };
		8EDEC49E20784208002416F6 /* Info.plist */ = {isa = PBXFileReference; lastKnownFileType = text.plist.xml; path = Info.plist; sourceTree = "<group>"; };
		8EDEC49F20784208002416F6 /* main.m */ = {isa = PBXFileReference; lastKnownFileType = sourcecode.c.objc; path = main.m; sourceTree = "<group>"; };
		8EDEC4A520784208002416F6 /* NavBarHandleTests.xctest */ = {isa = PBXFileReference; explicitFileType = wrapper.cfbundle; includeInIndex = 0; path = NavBarHandleTests.xctest; sourceTree = BUILT_PRODUCTS_DIR; };
		8EDEC4A920784208002416F6 /* NavBarHandleTests.m */ = {isa = PBXFileReference; lastKnownFileType = sourcecode.c.objc; path = NavBarHandleTests.m; sourceTree = "<group>"; };
		8EDEC4AB20784208002416F6 /* Info.plist */ = {isa = PBXFileReference; lastKnownFileType = text.plist.xml; path = Info.plist; sourceTree = "<group>"; };
		8EDEC4B020784208002416F6 /* NavBarHandleUITests.xctest */ = {isa = PBXFileReference; explicitFileType = wrapper.cfbundle; includeInIndex = 0; path = NavBarHandleUITests.xctest; sourceTree = BUILT_PRODUCTS_DIR; };
		8EDEC4B420784208002416F6 /* NavBarHandleUITests.m */ = {isa = PBXFileReference; lastKnownFileType = sourcecode.c.objc; path = NavBarHandleUITests.m; sourceTree = "<group>"; };
		8EDEC4B620784208002416F6 /* Info.plist */ = {isa = PBXFileReference; lastKnownFileType = text.plist.xml; path = Info.plist; sourceTree = "<group>"; };
		8EDEC4C32078426B002416F6 /* UINavigationBar+handle.h */ = {isa = PBXFileReference; fileEncoding = 4; lastKnownFileType = sourcecode.c.h; path = "UINavigationBar+handle.h"; sourceTree = "<group>"; };
		8EDEC4C42078426B002416F6 /* UINavigationBar+handle.m */ = {isa = PBXFileReference; fileEncoding = 4; lastKnownFileType = sourcecode.c.objc; path = "UINavigationBar+handle.m"; sourceTree = "<group>"; };
/* End PBXFileReference section */

/* Begin PBXFrameworksBuildPhase section */
		8EDEC48A20784203002416F6 /* Frameworks */ = {
			isa = PBXFrameworksBuildPhase;
			buildActionMask = 2147483647;
			files = (
			);
			runOnlyForDeploymentPostprocessing = 0;
		};
		8EDEC4A220784208002416F6 /* Frameworks */ = {
			isa = PBXFrameworksBuildPhase;
			buildActionMask = 2147483647;
			files = (
			);
			runOnlyForDeploymentPostprocessing = 0;
		};
		8EDEC4AD20784208002416F6 /* Frameworks */ = {
			isa = PBXFrameworksBuildPhase;
			buildActionMask = 2147483647;
			files = (
			);
			runOnlyForDeploymentPostprocessing = 0;
		};
/* End PBXFrameworksBuildPhase section */

/* Begin PBXGroup section */
		8EDEC48420784203002416F6 = {
			isa = PBXGroup;
			children = (
				8EDEC48F20784203002416F6 /* NavBarHandle */,
				8EDEC4A820784208002416F6 /* NavBarHandleTests */,
				8EDEC4B320784208002416F6 /* NavBarHandleUITests */,
				8EDEC48E20784203002416F6 /* Products */,
			);
			sourceTree = "<group>";
		};
		8EDEC48E20784203002416F6 /* Products */ = {
			isa = PBXGroup;
			children = (
				8EDEC48D20784203002416F6 /* NavBarHandle.app */,
				8EDEC4A520784208002416F6 /* NavBarHandleTests.xctest */,
				8EDEC4B020784208002416F6 /* NavBarHandleUITests.xctest */,
			);
			name = Products;
			sourceTree = "<group>";
		};
		8EDEC48F20784203002416F6 /* NavBarHandle */ = {
			isa = PBXGroup;
			children = (
				8EDEC49020784203002416F6 /* AppDelegate.h */,
				8EDEC49120784203002416F6 /* AppDelegate.m */,
				8EDEC49320784203002416F6 /* ViewController.h */,
				8EDEC49420784203002416F6 /* ViewController.m */,
				8EDEC4C220784240002416F6 /* NavigationBarHandle */,
				8EDEC49920784207002416F6 /* Assets.xcassets */,
				8EDEC49B20784207002416F6 /* LaunchScreen.storyboard */,
				8EDEC49E20784208002416F6 /* Info.plist */,
				8EDEC49F20784208002416F6 /* main.m */,
			);
			path = NavBarHandle;
			sourceTree = "<group>";
		};
		8EDEC4A820784208002416F6 /* NavBarHandleTests */ = {
			isa = PBXGroup;
			children = (
				8EDEC4A920784208002416F6 /* NavBarHandleTests.m */,
				8EDEC4AB20784208002416F6 /* Info.plist */,
			);
			path = NavBarHandleTests;
			sourceTree = "<group>";
		};
		8EDEC4B320784208002416F6 /* NavBarHandleUITests */ = {
			isa = PBXGroup;
			children = (
				8EDEC4B420784208002416F6 /* NavBarHandleUITests.m */,
				8EDEC4B620784208002416F6 /* Info.plist */,
			);
			path = NavBarHandleUITests;
			sourceTree = "<group>";
		};
		8EDEC4C220784240002416F6 /* NavigationBarHandle */ = {
			isa = PBXGroup;
			children = (
				8EDEC4C32078426B002416F6 /* UINavigationBar+handle.h */,
				8EDEC4C42078426B002416F6 /* UINavigationBar+handle.m */,
			);
			path = NavigationBarHandle;
			sourceTree = "<group>";
		};
/* End PBXGroup section */

/* Begin PBXNativeTarget section */
		8EDEC48C20784203002416F6 /* NavBarHandle */ = {
			isa = PBXNativeTarget;
			buildConfigurationList = 8EDEC4B920784208002416F6 /* Build configuration list for PBXNativeTarget "NavBarHandle" */;
			buildPhases = (
				8EDEC48920784203002416F6 /* Sources */,
				8EDEC48A20784203002416F6 /* Frameworks */,
				8EDEC48B20784203002416F6 /* Resources */,
			);
			buildRules = (
			);
			dependencies = (
			);
			name = NavBarHandle;
			productName = NavBarHandle;
			productReference = 8EDEC48D20784203002416F6 /* NavBarHandle.app */;
			productType = "com.apple.product-type.application";
		};
		8EDEC4A420784208002416F6 /* NavBarHandleTests */ = {
			isa = PBXNativeTarget;
			buildConfigurationList = 8EDEC4BC20784208002416F6 /* Build configuration list for PBXNativeTarget "NavBarHandleTests" */;
			buildPhases = (
				8EDEC4A120784208002416F6 /* Sources */,
				8EDEC4A220784208002416F6 /* Frameworks */,
				8EDEC4A320784208002416F6 /* Resources */,
			);
			buildRules = (
			);
			dependencies = (
				8EDEC4A720784208002416F6 /* PBXTargetDependency */,
			);
			name = NavBarHandleTests;
			productName = NavBarHandleTests;
			productReference = 8EDEC4A520784208002416F6 /* NavBarHandleTests.xctest */;
			productType = "com.apple.product-type.bundle.unit-test";
		};
		8EDEC4AF20784208002416F6 /* NavBarHandleUITests */ = {
			isa = PBXNativeTarget;
			buildConfigurationList = 8EDEC4BF20784208002416F6 /* Build configuration list for PBXNativeTarget "NavBarHandleUITests" */;
			buildPhases = (
				8EDEC4AC20784208002416F6 /* Sources */,
				8EDEC4AD20784208002416F6 /* Frameworks */,
				8EDEC4AE20784208002416F6 /* Resources */,
			);
			buildRules = (
			);
			dependencies = (
				8EDEC4B220784208002416F6 /* PBXTargetDependency */,
			);
			name = NavBarHandleUITests;
			productName = NavBarHandleUITests;
			productReference = 8EDEC4B020784208002416F6 /* NavBarHandleUITests.xctest */;
			productType = "com.apple.product-type.bundle.ui-testing";
		};
/* End PBXNativeTarget section */

/* Begin PBXProject section */
		8EDEC48520784203002416F6 /* Project object */ = {
			isa = PBXProject;
			attributes = {
				LastUpgradeCheck = 0930;
				ORGANIZATIONNAME = "谢兴达";
				TargetAttributes = {
					8EDEC48C20784203002416F6 = {
						CreatedOnToolsVersion = 9.3;
					};
					8EDEC4A420784208002416F6 = {
						CreatedOnToolsVersion = 9.3;
						TestTargetID = 8EDEC48C20784203002416F6;
					};
					8EDEC4AF20784208002416F6 = {
						CreatedOnToolsVersion = 9.3;
						TestTargetID = 8EDEC48C20784203002416F6;
					};
				};
			};
			buildConfigurationList = 8EDEC48820784203002416F6 /* Build configuration list for PBXProject "NavBarHandle" */;
			compatibilityVersion = "Xcode 9.3";
			developmentRegion = en;
			hasScannedForEncodings = 0;
			knownRegions = (
				en,
				Base,
			);
			mainGroup = 8EDEC48420784203002416F6;
			productRefGroup = 8EDEC48E20784203002416F6 /* Products */;
			projectDirPath = "";
			projectRoot = "";
			targets = (
				8EDEC48C20784203002416F6 /* NavBarHandle */,
				8EDEC4A420784208002416F6 /* NavBarHandleTests */,
				8EDEC4AF20784208002416F6 /* NavBarHandleUITests */,
			);
		};
/* End PBXProject section */

/* Begin PBXResourcesBuildPhase section */
		8EDEC48B20784203002416F6 /* Resources */ = {
			isa = PBXResourcesBuildPhase;
			buildActionMask = 2147483647;
			files = (
				8EDEC49D20784207002416F6 /* LaunchScreen.storyboard in Resources */,
				8EDEC49A20784207002416F6 /* Assets.xcassets in Resources */,
			);
			runOnlyForDeploymentPostprocessing = 0;
		};
		8EDEC4A320784208002416F6 /* Resources */ = {
			isa = PBXResourcesBuildPhase;
			buildActionMask = 2147483647;
			files = (
			);
			runOnlyForDeploymentPostprocessing = 0;
		};
		8EDEC4AE20784208002416F6 /* Resources */ = {
			isa = PBXResourcesBuildPhase;
			buildActionMask = 2147483647;
			files = (
			);
			runOnlyForDeploymentPostprocessing = 0;
		};
/* End PBXResourcesBuildPhase section */

/* Begin PBXSourcesBuildPhase section */
		8EDEC48920784203002416F6 /* Sources */ = {
			isa = PBXSourcesBuildPhase;
			buildActionMask = 2147483647;
			files = (
				8EDEC49520784203002416F6 /* ViewController.m in Sources */,
				8EDEC4C52078426B002416F6 /* UINavigationBar+handle.m in Sources */,
				8EDEC4A020784208002416F6 /* main.m in Sources */,
				8EDEC49220784203002416F6 /* AppDelegate.m in Sources */,
			);
			runOnlyForDeploymentPostprocessing = 0;
		};
		8EDEC4A120784208002416F6 /* Sources */ = {
			isa = PBXSourcesBuildPhase;
			buildActionMask = 2147483647;
			files = (
				8EDEC4AA20784208002416F6 /* NavBarHandleTests.m in Sources */,
			);
			runOnlyForDeploymentPostprocessing = 0;
		};
		8EDEC4AC20784208002416F6 /* Sources */ = {
			isa = PBXSourcesBuildPhase;
			buildActionMask = 2147483647;
			files = (
				8EDEC4B520784208002416F6 /* NavBarHandleUITests.m in Sources */,
			);
			runOnlyForDeploymentPostprocessing = 0;
		};
/* End PBXSourcesBuildPhase section */

/* Begin PBXTargetDependency section */
		8EDEC4A720784208002416F6 /* PBXTargetDependency */ = {
			isa = PBXTargetDependency;
			target = 8EDEC48C20784203002416F6 /* NavBarHandle */;
			targetProxy = 8EDEC4A620784208002416F6 /* PBXContainerItemProxy */;
		};
		8EDEC4B220784208002416F6 /* PBXTargetDependency */ = {
			isa = PBXTargetDependency;
			target = 8EDEC48C20784203002416F6 /* NavBarHandle */;
			targetProxy = 8EDEC4B120784208002416F6 /* PBXContainerItemProxy */;
		};
/* End PBXTargetDependency section */

/* Begin PBXVariantGroup section */
		8EDEC49B20784207002416F6 /* LaunchScreen.storyboard */ = {
			isa = PBXVariantGroup;
			children = (
				8EDEC49C20784207002416F6 /* Base */,
			);
			name = LaunchScreen.storyboard;
			sourceTree = "<group>";
		};
/* End PBXVariantGroup section */

/* Begin XCBuildConfiguration section */
		8EDEC4B720784208002416F6 /* Debug */ = {
			isa = XCBuildConfiguration;
			buildSettings = {
				ALWAYS_SEARCH_USER_PATHS = NO;
				CLANG_ANALYZER_NONNULL = YES;
				CLANG_ANALYZER_NUMBER_OBJECT_CONVERSION = YES_AGGRESSIVE;
				CLANG_CXX_LANGUAGE_STANDARD = "gnu++14";
				CLANG_CXX_LIBRARY = "libc++";
				CLANG_ENABLE_MODULES = YES;
				CLANG_ENABLE_OBJC_ARC = YES;
				CLANG_ENABLE_OBJC_WEAK = YES;
				CLANG_WARN_BLOCK_CAPTURE_AUTORELEASING = YES;
				CLANG_WARN_BOOL_CONVERSION = YES;
				CLANG_WARN_COMMA = YES;
				CLANG_WARN_CONSTANT_CONVERSION = YES;
				CLANG_WARN_DEPRECATED_OBJC_IMPLEMENTATIONS = YES;
				CLANG_WARN_DIRECT_OBJC_ISA_USAGE = YES_ERROR;
				CLANG_WARN_DOCUMENTATION_COMMENTS = YES;
				CLANG_WARN_EMPTY_BODY = YES;
				CLANG_WARN_ENUM_CONVERSION = YES;
				CLANG_WARN_INFINITE_RECURSION = YES;
				CLANG_WARN_INT_CONVERSION = YES;
				CLANG_WARN_NON_LITERAL_NULL_CONVERSION = YES;
				CLANG_WARN_OBJC_IMPLICIT_RETAIN_SELF = YES;
				CLANG_WARN_OBJC_LITERAL_CONVERSION = YES;
				CLANG_WARN_OBJC_ROOT_CLASS = YES_ERROR;
				CLANG_WARN_RANGE_LOOP_ANALYSIS = YES;
				CLANG_WARN_STRICT_PROTOTYPES = YES;
				CLANG_WARN_SUSPICIOUS_MOVE = YES;
				CLANG_WARN_UNGUARDED_AVAILABILITY = YES_AGGRESSIVE;
				CLANG_WARN_UNREACHABLE_CODE = YES;
				CLANG_WARN__DUPLICATE_METHOD_MATCH = YES;
				CODE_SIGN_IDENTITY = "iPhone Developer";
				COPY_PHASE_STRIP = NO;
				DEBUG_INFORMATION_FORMAT = dwarf;
				ENABLE_STRICT_OBJC_MSGSEND = YES;
				ENABLE_TESTABILITY = YES;
				GCC_C_LANGUAGE_STANDARD = gnu11;
				GCC_DYNAMIC_NO_PIC = NO;
				GCC_NO_COMMON_BLOCKS = YES;
				GCC_OPTIMIZATION_LEVEL = 0;
				GCC_PREPROCESSOR_DEFINITIONS = (
					"DEBUG=1",
					"$(inherited)",
				);
				GCC_WARN_64_TO_32_BIT_CONVERSION = YES;
				GCC_WARN_ABOUT_RETURN_TYPE = YES_ERROR;
				GCC_WARN_UNDECLARED_SELECTOR = YES;
				GCC_WARN_UNINITIALIZED_AUTOS = YES_AGGRESSIVE;
				GCC_WARN_UNUSED_FUNCTION = YES;
				GCC_WARN_UNUSED_VARIABLE = YES;
				IPHONEOS_DEPLOYMENT_TARGET = 11.3;
				MTL_ENABLE_DEBUG_INFO = YES;
				ONLY_ACTIVE_ARCH = YES;
				SDKROOT = iphoneos;
			};
			name = Debug;
		};
		8EDEC4B820784208002416F6 /* Release */ = {
			isa = XCBuildConfiguration;
			buildSettings = {
				ALWAYS_SEARCH_USER_PATHS = NO;
				CLANG_ANALYZER_NONNULL = YES;
				CLANG_ANALYZER_NUMBER_OBJECT_CONVERSION = YES_AGGRESSIVE;
				CLANG_CXX_LANGUAGE_STANDARD = "gnu++14";
				CLANG_CXX_LIBRARY = "libc++";
				CLANG_ENABLE_MODULES = YES;
				CLANG_ENABLE_OBJC_ARC = YES;
				CLANG_ENABLE_OBJC_WEAK = YES;
				CLANG_WARN_BLOCK_CAPTURE_AUTORELEASING = YES;
				CLANG_WARN_BOOL_CONVERSION = YES;
				CLANG_WARN_COMMA = YES;
				CLANG_WARN_CONSTANT_CONVERSION = YES;
				CLANG_WARN_DEPRECATED_OBJC_IMPLEMENTATIONS = YES;
				CLANG_WARN_DIRECT_OBJC_ISA_USAGE = YES_ERROR;
				CLANG_WARN_DOCUMENTATION_COMMENTS = YES;
				CLANG_WARN_EMPTY_BODY = YES;
				CLANG_WARN_ENUM_CONVERSION = YES;
				CLANG_WARN_INFINITE_RECURSION = YES;
				CLANG_WARN_INT_CONVERSION = YES;
				CLANG_WARN_NON_LITERAL_NULL_CONVERSION = YES;
				CLANG_WARN_OBJC_IMPLICIT_RETAIN_SELF = YES;
				CLANG_WARN_OBJC_LITERAL_CONVERSION = YES;
				CLANG_WARN_OBJC_ROOT_CLASS = YES_ERROR;
				CLANG_WARN_RANGE_LOOP_ANALYSIS = YES;
				CLANG_WARN_STRICT_PROTOTYPES = YES;
				CLANG_WARN_SUSPICIOUS_MOVE = YES;
				CLANG_WARN_UNGUARDED_AVAILABILITY = YES_AGGRESSIVE;
				CLANG_WARN_UNREACHABLE_CODE = YES;
				CLANG_WARN__DUPLICATE_METHOD_MATCH = YES;
				CODE_SIGN_IDENTITY = "iPhone Developer";
				COPY_PHASE_STRIP = NO;
				DEBUG_INFORMATION_FORMAT = "dwarf-with-dsym";
				ENABLE_NS_ASSERTIONS = NO;
				ENABLE_STRICT_OBJC_MSGSEND = YES;
				GCC_C_LANGUAGE_STANDARD = gnu11;
				GCC_NO_COMMON_BLOCKS = YES;
				GCC_WARN_64_TO_32_BIT_CONVERSION = YES;
				GCC_WARN_ABOUT_RETURN_TYPE = YES_ERROR;
				GCC_WARN_UNDECLARED_SELECTOR = YES;
				GCC_WARN_UNINITIALIZED_AUTOS = YES_AGGRESSIVE;
				GCC_WARN_UNUSED_FUNCTION = YES;
				GCC_WARN_UNUSED_VARIABLE = YES;
				IPHONEOS_DEPLOYMENT_TARGET = 11.3;
				MTL_ENABLE_DEBUG_INFO = NO;
				SDKROOT = iphoneos;
				VALIDATE_PRODUCT = YES;
			};
			name = Release;
		};
		8EDEC4BA20784208002416F6 /* Debug */ = {
			isa = XCBuildConfiguration;
			buildSettings = {
				ASSETCATALOG_COMPILER_APPICON_NAME = AppIcon;
				CODE_SIGN_STYLE = Automatic;
				DEVELOPMENT_TEAM = 6SALH2H58R;
				INFOPLIST_FILE = NavBarHandle/Info.plist;
				LD_RUNPATH_SEARCH_PATHS = (
					"$(inherited)",
					"@executable_path/Frameworks",
				);
				PRODUCT_BUNDLE_IDENTIFIER = com.huanlexindoudou.HuaDou.NavBarHandle;
				PRODUCT_NAME = "$(TARGET_NAME)";
				TARGETED_DEVICE_FAMILY = "1,2";
			};
			name = Debug;
		};
		8EDEC4BB20784208002416F6 /* Release */ = {
			isa = XCBuildConfiguration;
			buildSettings = {
				ASSETCATALOG_COMPILER_APPICON_NAME = AppIcon;
				CODE_SIGN_STYLE = Automatic;
				DEVELOPMENT_TEAM = 6SALH2H58R;
				INFOPLIST_FILE = NavBarHandle/Info.plist;
				LD_RUNPATH_SEARCH_PATHS = (
					"$(inherited)",
					"@executable_path/Frameworks",
				);
				PRODUCT_BUNDLE_IDENTIFIER = com.huanlexindoudou.HuaDou.NavBarHandle;
				PRODUCT_NAME = "$(TARGET_NAME)";
				TARGETED_DEVICE_FAMILY = "1,2";
			};
			name = Release;
		};
		8EDEC4BD20784208002416F6 /* Debug */ = {
			isa = XCBuildConfiguration;
			buildSettings = {
				BUNDLE_LOADER = "$(TEST_HOST)";
				CODE_SIGN_STYLE = Automatic;
				DEVELOPMENT_TEAM = 6SALH2H58R;
				INFOPLIST_FILE = NavBarHandleTests/Info.plist;
				LD_RUNPATH_SEARCH_PATHS = (
					"$(inherited)",
					"@executable_path/Frameworks",
					"@loader_path/Frameworks",
				);
				PRODUCT_BUNDLE_IDENTIFIER = com.huanlexindoudou.HuaDou.NavBarHandleTests;
				PRODUCT_NAME = "$(TARGET_NAME)";
				TARGETED_DEVICE_FAMILY = "1,2";
				TEST_HOST = "$(BUILT_PRODUCTS_DIR)/NavBarHandle.app/NavBarHandle";
			};
			name = Debug;
		};
		8EDEC4BE20784208002416F6 /* Release */ = {
			isa = XCBuildConfiguration;
			buildSettings = {
				BUNDLE_LOADER = "$(TEST_HOST)";
				CODE_SIGN_STYLE = Automatic;
				DEVELOPMENT_TEAM = 6SALH2H58R;
				INFOPLIST_FILE = NavBarHandleTests/Info.plist;
				LD_RUNPATH_SEARCH_PATHS = (
					"$(inherited)",
					"@executable_path/Frameworks",
					"@loader_path/Frameworks",
				);
				PRODUCT_BUNDLE_IDENTIFIER = com.huanlexindoudou.HuaDou.NavBarHandleTests;
				PRODUCT_NAME = "$(TARGET_NAME)";
				TARGETED_DEVICE_FAMILY = "1,2";
				TEST_HOST = "$(BUILT_PRODUCTS_DIR)/NavBarHandle.app/NavBarHandle";
			};
			name = Release;
		};
		8EDEC4C020784208002416F6 /* Debug */ = {
			isa = XCBuildConfiguration;
			buildSettings = {
				CODE_SIGN_STYLE = Automatic;
				DEVELOPMENT_TEAM = 6SALH2H58R;
				INFOPLIST_FILE = NavBarHandleUITests/Info.plist;
				LD_RUNPATH_SEARCH_PATHS = (
					"$(inherited)",
					"@executable_path/Frameworks",
					"@loader_path/Frameworks",
				);
				PRODUCT_BUNDLE_IDENTIFIER = com.huanlexindoudou.HuaDou.NavBarHandleUITests;
				PRODUCT_NAME = "$(TARGET_NAME)";
				TARGETED_DEVICE_FAMILY = "1,2";
				TEST_TARGET_NAME = NavBarHandle;
			};
			name = Debug;
		};
		8EDEC4C120784208002416F6 /* Release */ = {
			isa = XCBuildConfiguration;
			buildSettings = {
				CODE_SIGN_STYLE = Automatic;
				DEVELOPMENT_TEAM = 6SALH2H58R;
				INFOPLIST_FILE = NavBarHandleUITests/Info.plist;
				LD_RUNPATH_SEARCH_PATHS = (
					"$(inherited)",
					"@executable_path/Frameworks",
					"@loader_path/Frameworks",
				);
				PRODUCT_BUNDLE_IDENTIFIER = com.huanlexindoudou.HuaDou.NavBarHandleUITests;
				PRODUCT_NAME = "$(TARGET_NAME)";
				TARGETED_DEVICE_FAMILY = "1,2";
				TEST_TARGET_NAME = NavBarHandle;
			};
			name = Release;
		};
/* End XCBuildConfiguration section */

/* Begin XCConfigurationList section */
		8EDEC48820784203002416F6 /* Build configuration list for PBXProject "NavBarHandle" */ = {
			isa = XCConfigurationList;
			buildConfigurations = (
				8EDEC4B720784208002416F6 /* Debug */,
				8EDEC4B820784208002416F6 /* Release */,
			);
			defaultConfigurationIsVisible = 0;
			defaultConfigurationName = Release;
		};
		8EDEC4B920784208002416F6 /* Build configuration list for PBXNativeTarget "NavBarHandle" */ = {
			isa = XCConfigurationList;
			buildConfigurations = (
				8EDEC4BA20784208002416F6 /* Debug */,
				8EDEC4BB20784208002416F6 /* Release */,
			);
			defaultConfigurationIsVisible = 0;
			defaultConfigurationName = Release;
		};
		8EDEC4BC20784208002416F6 /* Build configuration list for PBXNativeTarget "NavBarHandleTests" */ = {
			isa = XCConfigurationList;
			buildConfigurations = (
				8EDEC4BD20784208002416F6 /* Debug */,
				8EDEC4BE20784208002416F6 /* Release */,
			);
			defaultConfigurationIsVisible = 0;
			defaultConfigurationName = Release;
		};
		8EDEC4BF20784208002416F6 /* Build configuration list for PBXNativeTarget "NavBarHandleUITests" */ = {
			isa = XCConfigurationList;
			buildConfigurations = (
				8EDEC4C020784208002416F6 /* Debug */,
				8EDEC4C120784208002416F6 /* Release */,
			);
			defaultConfigurationIsVisible = 0;
			defaultConfigurationName = Release;
		};
/* End XCConfigurationList section */
	};
	rootObject = 8EDEC48520784203002416F6 /* Project object */;
}
